
Microsoft Visual Studio Solution File, Format Version 12.00
# Visual Studio Version 16
VisualStudioVersion = 16.0.32228.343
MinimumVisualStudioVersion = 10.0.40219.1
Project("{FAE04EC0-301F-11D3-BF4B-00C04F79EFBC}") = "LoginApp", "LoginApp\LoginApp.csproj", "{29366512-6313-46C4-8921-59FCE99D60C0}"
EndProject
Global
	GlobalSection(SolutionConfigurationPlatforms) = preSolution
		Debug|Any CPU = Debug|Any CPU
		Release|Any CPU = Release|Any CPU
	EndGlobalSection
	GlobalSection(ProjectConfigurationPlatforms) = postSolution
		{29366512-6313-46C4-8921-59FCE99D60C0}.Debug|Any CPU.ActiveCfg = Debug|Any CPU
		{29366512-6313-46C4-8921-59FCE99D60C0}.Debug|Any CPU.Build.0 = Debug|Any CPU
		{29366512-6313-46C4-8921-59FCE99D60C0}.Release|Any CPU.ActiveCfg = Release|Any CPU
		{29366512-6313-46C4-8921-59FCE99D60C0}.Release|Any CPU.Build.0 = Release|Any CPU
	EndGlobalSection
	GlobalSection(SolutionProperties) = preSolution
		HideSolutionNode = FALSE
	EndGlobalSection
	GlobalSection(ExtensibilityGlobals) = postSolution
		SolutionGuid = {5D75AC73-1131-430B-8391-45FF565A940E}
	EndGlobalSection
EndGlobal
